
Microsoft Visual Studio Solution File, Format Version 12.00
# Visual Studio Version 16
VisualStudioVersion = 16.0.29326.143
MinimumVisualStudioVersion = 10.0.40219.1
Project("{FAE04EC0-301F-11D3-BF4B-00C04F79EFBC}") = "FloralShop", "FloralShop.csproj", "{7A8ADE66-6495-40D1-85D1-ABB2A10113AB}"
EndProject
Global
	GlobalSection(SolutionConfigurationPlatforms) = preSolution
		Debug|Any CPU = Debug|Any CPU
		Release|Any CPU = Release|Any CPU
	EndGlobalSection
	GlobalSection(ProjectConfigurationPlatforms) = postSolution
		{7A8ADE66-6495-40D1-85D1-ABB2A10113AB}.Debug|Any CPU.ActiveCfg = Debug|Any CPU
		{7A8ADE66-6495-40D1-85D1-ABB2A10113AB}.Debug|Any CPU.Build.0 = Debug|Any CPU
		{7A8ADE66-6495-40D1-85D1-ABB2A10113AB}.Release|Any CPU.ActiveCfg = Release|Any CPU
		{7A8ADE66-6495-40D1-85D1-ABB2A10113AB}.Release|Any CPU.Build.0 = Release|Any CPU
	EndGlobalSection
	GlobalSection(SolutionProperties) = preSolution
		HideSolutionNode = FALSE
	EndGlobalSection
	GlobalSection(ExtensibilityGlobals) = postSolution
		SolutionGuid = {32025D33-9C4E-45F4-A2DE-A966700F7040}
	EndGlobalSection
EndGlobal
